
Microsoft Visual Studio Solution File, Format Version 12.00
# Visual Studio 15
VisualStudioVersion = 15.0.26730.10
MinimumVisualStudioVersion = 10.0.40219.1
Project("{8BC9CEB8-8B4A-11D0-8D11-00A0C91BC942}") = "0311", "0311\0311.vcxproj", "{2633C6B9-2254-42C6-A56B-F7FF1FFEC015}"
EndProject
Global
	GlobalSection(SolutionConfigurationPlatforms) = preSolution
		Debug|x64 = Debug|x64
		Debug|x86 = Debug|x86
		Release|x64 = Release|x64
		Release|x86 = Release|x86
	EndGlobalSection
	GlobalSection(ProjectConfigurationPlatforms) = postSolution
		{2633C6B9-2254-42C6-A56B-F7FF1FFEC015}.Debug|x64.ActiveCfg = Debug|x64
		{2633C6B9-2254-42C6-A56B-F7FF1FFEC015}.Debug|x64.Build.0 = Debug|x64
		{2633C6B9-2254-42C6-A56B-F7FF1FFEC015}.Debug|x86.ActiveCfg = Debug|Win32
		{2633C6B9-2254-42C6-A56B-F7FF1FFEC015}.Debug|x86.Build.0 = Debug|Win32
		{2633C6B9-2254-42C6-A56B-F7FF1FFEC015}.Release|x64.ActiveCfg = Release|x64
		{2633C6B9-2254-42C6-A56B-F7FF1FFEC015}.Release|x64.Build.0 = Release|x64
		{2633C6B9-2254-42C6-A56B-F7FF1FFEC015}.Release|x86.ActiveCfg = Release|Win32
		{2633C6B9-2254-42C6-A56B-F7FF1FFEC015}.Release|x86.Build.0 = Release|Win32
	EndGlobalSection
	GlobalSection(SolutionProperties) = preSolution
		HideSolutionNode = FALSE
	EndGlobalSection
	GlobalSection(ExtensibilityGlobals) = postSolution
		SolutionGuid = {C80574E6-DB1D-445F-AB56-3B9CE0D66405}
	EndGlobalSection
EndGlobal
